Microsoft Visual Studio Solution File, Format Version 11.00
# Visual Studio 2008

Project("{F0AFEBCC-3BF4-130B-D746-47464A9EDF6B}") = "space shooter", "Assembly-CSharp.csproj", "{E771257E-0312-8575-1C5A-8C45415A7023}"
EndProject
Global
	GlobalSection(SolutionConfigurationPlatforms) = preSolution
		Debug|Any CPU = Debug|Any CPU
		Release|Any CPU = Release|Any CPU
	EndGlobalSection
	GlobalSection(ProjectConfigurationPlatforms) = postSolution
		{E771257E-0312-8575-1C5A-8C45415A7023}.Debug|Any CPU.ActiveCfg = Debug|Any CPU
		{E771257E-0312-8575-1C5A-8C45415A7023}.Debug|Any CPU.Build.0 = Debug|Any CPU
		{E771257E-0312-8575-1C5A-8C45415A7023}.Release|Any CPU.ActiveCfg = Release|Any CPU
		{E771257E-0312-8575-1C5A-8C45415A7023}.Release|Any CPU.Build.0 = Release|Any CPU
	EndGlobalSection
	GlobalSection(SolutionProperties) = preSolution
		HideSolutionNode = FALSE
	EndGlobalSection
	GlobalSection(MonoDevelopProperties) = preSolution
		StartupItem = Assembly-CSharp.csproj
	EndGlobalSection
EndGlobal
